# THIS IS AN AUTOGENERATED FILE. DO NOT EDIT THIS FILE DIRECTLY.
# yarn lockfile v1


confusing-browser-globals@^1.0.10:
  version "1.0.10"
  resolved "https://registry.npmmirror.com/confusing-browser-globals/download/confusing-browser-globals-1.0.10.tgz#30d1e7f3d1b882b25ec4933d1d1adac353d20a59"
  integrity sha1-MNHn89G4grJexJM9HRraw1PSClk=

eslint-config-react-app@^6.0.0:
  version "6.0.0"
  resolved "https://registry.npmmirror.com/eslint-config-react-app/download/eslint-config-react-app-6.0.0.tgz#ccff9fc8e36b322902844cbd79197982be355a0e"
  integrity sha1-zP+fyONrMikChEy9eRl5gr41Wg4=
  dependencies:
    confusing-browser-globals "^1.0.10"
